lockfileVersion: '9.0'

settings:
  autoInstallPeers: true
  excludeLinksFromLockfile: false

importers:

  .:
    dependencies:
      '@privacy-ai/sdk':
        specifier: workspace:*
        version: link:packages/sdk

  apps/web-demo:
    dependencies:
      '@privacy-ai/sdk':
        specifier: workspace:*
        version: link:../../packages/sdk

  packages/sdk: {}
